
Microsoft Visual Studio Solution File, Format Version 12.00
# Visual Studio Version 17
VisualStudioVersion = 17.14.36518.9 d17.14
MinimumVisualStudioVersion = 10.0.40219.1
Project("{FAE04EC0-301F-11D3-BF4B-00C04F79EFBC}") = "InformeEmpleados", "InformeEmpleados\InformeEmpleados.csproj", "{5FC97B7E-7AEE-49F9-9109-3E0F70FA8023}"
EndProject
Global
	GlobalSection(SolutionConfigurationPlatforms) = preSolution
		Debug|Any CPU = Debug|Any CPU
		Release|Any CPU = Release|Any CPU
	EndGlobalSection
	GlobalSection(ProjectConfigurationPlatforms) = postSolution
		{5FC97B7E-7AEE-49F9-9109-3E0F70FA8023}.Debug|Any CPU.ActiveCfg = Debug|Any CPU
		{5FC97B7E-7AEE-49F9-9109-3E0F70FA8023}.Debug|Any CPU.Build.0 = Debug|Any CPU
		{5FC97B7E-7AEE-49F9-9109-3E0F70FA8023}.Release|Any CPU.ActiveCfg = Release|Any CPU
		{5FC97B7E-7AEE-49F9-9109-3E0F70FA8023}.Release|Any CPU.Build.0 = Release|Any CPU
	EndGlobalSection
	GlobalSection(SolutionProperties) = preSolution
		HideSolutionNode = FALSE
	EndGlobalSection
	GlobalSection(ExtensibilityGlobals) = postSolution
		SolutionGuid = {35A73E02-36DE-4BFF-88AE-266E51F94342}
	EndGlobalSection
EndGlobal
