
Microsoft Visual Studio Solution File, Format Version 12.00
# Visual Studio Version 17
VisualStudioVersion = 17.14.36518.9 d17.14
MinimumVisualStudioVersion = 10.0.40219.1
Project("{FAE04EC0-301F-11D3-BF4B-00C04F79EFBC}") = "Ejercicio Control TabControl", "Ejercicio Control TabControl\Ejercicio Control TabControl.csproj", "{2F75AEA5-D07D-4749-858D-685DF3EED181}"
EndProject
Global
	GlobalSection(SolutionConfigurationPlatforms) = preSolution
		Debug|Any CPU = Debug|Any CPU
		Release|Any CPU = Release|Any CPU
	EndGlobalSection
	GlobalSection(ProjectConfigurationPlatforms) = postSolution
		{2F75AEA5-D07D-4749-858D-685DF3EED181}.Debug|Any CPU.ActiveCfg = Debug|Any CPU
		{2F75AEA5-D07D-4749-858D-685DF3EED181}.Debug|Any CPU.Build.0 = Debug|Any CPU
		{2F75AEA5-D07D-4749-858D-685DF3EED181}.Release|Any CPU.ActiveCfg = Release|Any CPU
		{2F75AEA5-D07D-4749-858D-685DF3EED181}.Release|Any CPU.Build.0 = Release|Any CPU
	EndGlobalSection
	GlobalSection(SolutionProperties) = preSolution
		HideSolutionNode = FALSE
	EndGlobalSection
	GlobalSection(ExtensibilityGlobals) = postSolution
		SolutionGuid = {86C85F44-59CB-4268-A763-6355BB673073}
	EndGlobalSection
EndGlobal
