
Microsoft Visual Studio Solution File, Format Version 12.00
# Visual Studio Version 17
VisualStudioVersion = 17.14.36518.9 d17.14
MinimumVisualStudioVersion = 10.0.40219.1
Project("{FAE04EC0-301F-11D3-BF4B-00C04F79EFBC}") = "Biblioteca_Hugo", "Biblioteca_Hugo\Biblioteca_Hugo.csproj", "{8E000F42-BC1E-4C13-A25E-59DE2E39E037}"
EndProject
Global
	GlobalSection(SolutionConfigurationPlatforms) = preSolution
		Debug|Any CPU = Debug|Any CPU
		Release|Any CPU = Release|Any CPU
	EndGlobalSection
	GlobalSection(ProjectConfigurationPlatforms) = postSolution
		{8E000F42-BC1E-4C13-A25E-59DE2E39E037}.Debug|Any CPU.ActiveCfg = Debug|Any CPU
		{8E000F42-BC1E-4C13-A25E-59DE2E39E037}.Debug|Any CPU.Build.0 = Debug|Any CPU
		{8E000F42-BC1E-4C13-A25E-59DE2E39E037}.Release|Any CPU.ActiveCfg = Release|Any CPU
		{8E000F42-BC1E-4C13-A25E-59DE2E39E037}.Release|Any CPU.Build.0 = Release|Any CPU
	EndGlobalSection
	GlobalSection(SolutionProperties) = preSolution
		HideSolutionNode = FALSE
	EndGlobalSection
	GlobalSection(ExtensibilityGlobals) = postSolution
		SolutionGuid = {F6E42915-2931-4F51-B208-2F6546333D8E}
	EndGlobalSection
EndGlobal
