
Microsoft Visual Studio Solution File, Format Version 12.00
# Visual Studio Version 17
VisualStudioVersion = 17.14.36518.9 d17.14
MinimumVisualStudioVersion = 10.0.40219.1
Project("{FAE04EC0-301F-11D3-BF4B-00C04F79EFBC}") = "PokeDexManager", "PokeDexManager\PokeDexManager.csproj", "{639C6ACA-6474-46E5-97BF-66F51588471B}"
EndProject
Global
	GlobalSection(SolutionConfigurationPlatforms) = preSolution
		Debug|Any CPU = Debug|Any CPU
		Release|Any CPU = Release|Any CPU
	EndGlobalSection
	GlobalSection(ProjectConfigurationPlatforms) = postSolution
		{639C6ACA-6474-46E5-97BF-66F51588471B}.Debug|Any CPU.ActiveCfg = Debug|Any CPU
		{639C6ACA-6474-46E5-97BF-66F51588471B}.Debug|Any CPU.Build.0 = Debug|Any CPU
		{639C6ACA-6474-46E5-97BF-66F51588471B}.Release|Any CPU.ActiveCfg = Release|Any CPU
		{639C6ACA-6474-46E5-97BF-66F51588471B}.Release|Any CPU.Build.0 = Release|Any CPU
	EndGlobalSection
	GlobalSection(SolutionProperties) = preSolution
		HideSolutionNode = FALSE
	EndGlobalSection
	GlobalSection(ExtensibilityGlobals) = postSolution
		SolutionGuid = {E50F1352-5991-4F5A-9AA7-63D71D17C8E6}
	EndGlobalSection
EndGlobal
