
Microsoft Visual Studio Solution File, Format Version 12.00
# Visual Studio Version 17
VisualStudioVersion = 17.14.36518.9 d17.14
MinimumVisualStudioVersion = 10.0.40219.1
Project("{FAE04EC0-301F-11D3-BF4B-00C04F79EFBC}") = "HolaMundo1", "HolaMundo1\HolaMundo1.csproj", "{D70F3EF1-130A-4E0F-88D8-5B65DE054E28}"
EndProject
Global
	GlobalSection(SolutionConfigurationPlatforms) = preSolution
		Debug|Any CPU = Debug|Any CPU
		Release|Any CPU = Release|Any CPU
	EndGlobalSection
	GlobalSection(ProjectConfigurationPlatforms) = postSolution
		{D70F3EF1-130A-4E0F-88D8-5B65DE054E28}.Debug|Any CPU.ActiveCfg = Debug|Any CPU
		{D70F3EF1-130A-4E0F-88D8-5B65DE054E28}.Debug|Any CPU.Build.0 = Debug|Any CPU
		{D70F3EF1-130A-4E0F-88D8-5B65DE054E28}.Release|Any CPU.ActiveCfg = Release|Any CPU
		{D70F3EF1-130A-4E0F-88D8-5B65DE054E28}.Release|Any CPU.Build.0 = Release|Any CPU
	EndGlobalSection
	GlobalSection(SolutionProperties) = preSolution
		HideSolutionNode = FALSE
	EndGlobalSection
	GlobalSection(ExtensibilityGlobals) = postSolution
		SolutionGuid = {DCB4BBB2-2E0B-47F2-A413-81A741984940}
	EndGlobalSection
EndGlobal
