
Microsoft Visual Studio Solution File, Format Version 12.00
# Visual Studio Version 17
VisualStudioVersion = 17.14.36518.9 d17.14
MinimumVisualStudioVersion = 10.0.40219.1
Project("{FAE04EC0-301F-11D3-BF4B-00C04F79EFBC}") = "ClaseTipada", "ClaseTipada\ClaseTipada.csproj", "{84228048-77D1-47CE-A825-14E96A430350}"
EndProject
Global
	GlobalSection(SolutionConfigurationPlatforms) = preSolution
		Debug|Any CPU = Debug|Any CPU
		Release|Any CPU = Release|Any CPU
	EndGlobalSection
	GlobalSection(ProjectConfigurationPlatforms) = postSolution
		{84228048-77D1-47CE-A825-14E96A430350}.Debug|Any CPU.ActiveCfg = Debug|Any CPU
		{84228048-77D1-47CE-A825-14E96A430350}.Debug|Any CPU.Build.0 = Debug|Any CPU
		{84228048-77D1-47CE-A825-14E96A430350}.Release|Any CPU.ActiveCfg = Release|Any CPU
		{84228048-77D1-47CE-A825-14E96A430350}.Release|Any CPU.Build.0 = Release|Any CPU
	EndGlobalSection
	GlobalSection(SolutionProperties) = preSolution
		HideSolutionNode = FALSE
	EndGlobalSection
	GlobalSection(ExtensibilityGlobals) = postSolution
		SolutionGuid = {AD7B204B-E3EE-405E-9AF9-D61EFD1E6FFA}
	EndGlobalSection
EndGlobal
